
Microsoft Visual Studio Solution File, Format Version 12.00
# Visual Studio Version 17
VisualStudioVersion = 17.0.31903.59
MinimumVisualStudioVersion = 10.0.40219.1
Project("{2150E333-8FDC-42A3-9474-1A3956D46DE8}") = "src", "src", "{8C84E058-91D0-41D4-8985-58A255141D02}"
EndProject
Project("{FAE04EC0-301F-11D3-BF4B-00C04F79EFBC}") = "Orchestration.Core", "src\Orchestration.Core\Orchestration.Core.csproj", "{D2A4EE64-D935-4C1F-998D-C1F72D853038}"
EndProject
Project("{FAE04EC0-301F-11D3-BF4B-00C04F79EFBC}") = "Orchestration.App", "src\Orchestration.App\Orchestration.App.csproj", "{BD045116-26F4-402B-9DA1-8EEC98A772DA}"
EndProject
Project("{2150E333-8FDC-42A3-9474-1A3956D46DE8}") = "tests", "tests", "{129CD2F3-7E0E-4F7E-951B-2EC0E553EE09}"
EndProject
Project("{FAE04EC0-301F-11D3-BF4B-00C04F79EFBC}") = "Orchestration.Core.Tests", "tests\Orchestration.Core.Tests\Orchestration.Core.Tests.csproj", "{60164C45-4F80-4810-AD8B-91FC4038F761}"
EndProject
Global
	GlobalSection(SolutionConfigurationPlatforms) = preSolution
		Debug|Any CPU = Debug|Any CPU
		Release|Any CPU = Release|Any CPU
	EndGlobalSection
	GlobalSection(SolutionProperties) = preSolution
		HideSolutionNode = FALSE
	EndGlobalSection
	GlobalSection(ProjectConfigurationPlatforms) = postSolution
		{D2A4EE64-D935-4C1F-998D-C1F72D853038}.Debug|Any CPU.ActiveCfg = Debug|Any CPU
		{D2A4EE64-D935-4C1F-998D-C1F72D853038}.Debug|Any CPU.Build.0 = Debug|Any CPU
		{D2A4EE64-D935-4C1F-998D-C1F72D853038}.Release|Any CPU.ActiveCfg = Release|Any CPU
		{D2A4EE64-D935-4C1F-998D-C1F72D853038}.Release|Any CPU.Build.0 = Release|Any CPU
		{BD045116-26F4-402B-9DA1-8EEC98A772DA}.Debug|Any CPU.ActiveCfg = Debug|x64
		{BD045116-26F4-402B-9DA1-8EEC98A772DA}.Debug|Any CPU.Build.0 = Debug|x64
		{BD045116-26F4-402B-9DA1-8EEC98A772DA}.Release|Any CPU.ActiveCfg = Release|x64
		{BD045116-26F4-402B-9DA1-8EEC98A772DA}.Release|Any CPU.Build.0 = Release|x64
		{60164C45-4F80-4810-AD8B-91FC4038F761}.Debug|Any CPU.ActiveCfg = Debug|Any CPU
		{60164C45-4F80-4810-AD8B-91FC4038F761}.Debug|Any CPU.Build.0 = Debug|Any CPU
		{60164C45-4F80-4810-AD8B-91FC4038F761}.Release|Any CPU.ActiveCfg = Release|Any CPU
		{60164C45-4F80-4810-AD8B-91FC4038F761}.Release|Any CPU.Build.0 = Release|Any CPU
	EndGlobalSection
	GlobalSection(NestedProjects) = preSolution
		{D2A4EE64-D935-4C1F-998D-C1F72D853038} = {8C84E058-91D0-41D4-8985-58A255141D02}
		{BD045116-26F4-402B-9DA1-8EEC98A772DA} = {8C84E058-91D0-41D4-8985-58A255141D02}
		{60164C45-4F80-4810-AD8B-91FC4038F761} = {129CD2F3-7E0E-4F7E-951B-2EC0E553EE09}
	EndGlobalSection
EndGlobal
